<?xml version="1.0" encoding="utf-8"?>
<Project ToolsVersion="4.0" xmlns="http://schemas.microsoft.com/developer/msbuild/2003">
  <ItemGroup>
    <Filter Include="Source Files">
      <UniqueIdentifier>{4FC737F1-C7A5-4376-A066-2A32D752A2FF}</UniqueIdentifier>
      <Extensions>cpp;c;cc;cxx;def;odl;idl;hpj;bat;asm;asmx</Extensions>
    </Filter>
    <Filter Include="Header Files">
      <UniqueIdentifier>{93995380-89BD-4b04-88EB-625FBE52EBFB}</UniqueIdentifier>
      <Extensions>h;hh;hpp;hxx;hm;inl;inc;ipp;xsd</Extensions>
    </Filter>
    <Filter Include="Resource Files">
      <UniqueIdentifier>{67DA6AB6-F800-4c08-8B7A-83BB121AAD01}</UniqueIdentifier>
      <Extensions>rc;ico;cur;bmp;dlg;rc2;rct;bin;rgs;gif;jpg;jpeg;jpe;resx;tiff;tif;png;wav;mfcribbon-ms</Extensions>
    </Filter>
    <Filter Include="Shading">
      <UniqueIdentifier>{31fd2858-521d-4516-987d-a123bfed8f53}</UniqueIdentifier>
    </Filter>
    <Filter Include="Global">
      <UniqueIdentifier>{43f03c0f-d846-46c8-b848-982e67915731}</UniqueIdentifier>
    </Filter>
    <Filter Include="Shading\Shaders">
      <UniqueIdentifier>{31532163-ad41-4ef3-a151-2195eac167c4}</UniqueIdentifier>
    </Filter>
    <Filter Include="Camera">
      <UniqueIdentifier>{f6488194-2c84-45a5-9668-697c89cb6ae4}</UniqueIdentifier>
    </Filter>
    <Filter Include="Meshes">
      <UniqueIdentifier>{7d0bf1bd-7370-4120-8b3b-e4846c315a95}</UniqueIdentifier>
    </Filter>
    <Filter Include="Meshes\Vertex">
      <UniqueIdentifier>{cf27d508-7cba-448f-87f2-44763c379799}</UniqueIdentifier>
    </Filter>
    <Filter Include="Meshes\Mesh">
      <UniqueIdentifier>{244ea938-553c-47e7-9763-47e2f8d0c513}</UniqueIdentifier>
    </Filter>
    <Filter Include="Meshes\Mesh Manager">
      <UniqueIdentifier>{f0f6b87f-cb12-4c35-ab8e-8afde9918bb8}</UniqueIdentifier>
    </Filter>
    <Filter Include="Meshes\Draw Info">
      <UniqueIdentifier>{6b020ffc-7bbe-441c-bc3e-d15d37523520}</UniqueIdentifier>
    </Filter>
    <Filter Include="Meshes\AssimpFBX">
      <UniqueIdentifier>{ebd420c3-106a-4d30-af2d-283637f5a56b}</UniqueIdentifier>
    </Filter>
    <Filter Include="Ply">
      <UniqueIdentifier>{d326ff8f-57c4-42df-8647-99a01cf2592d}</UniqueIdentifier>
    </Filter>
    <Filter Include="Entity">
      <UniqueIdentifier>{8fece1ff-77d2-4155-b496-0c683950acdc}</UniqueIdentifier>
    </Filter>
    <Filter Include="TextureManager">
      <UniqueIdentifier>{0291f7af-e766-47f1-b0d9-b84f5a5a2f2d}</UniqueIdentifier>
    </Filter>
    <Filter Include="FBOs">
      <UniqueIdentifier>{001304a7-43ac-459d-be95-80fd68390457}</UniqueIdentifier>
    </Filter>
    <Filter Include="Lighting">
      <UniqueIdentifier>{159077a3-f2f1-4efa-9e43-b532b035cb5a}</UniqueIdentifier>
    </Filter>
    <Filter Include="Json">
      <UniqueIdentifier>{bd01942f-8782-486d-a675-d7bc61b30c93}</UniqueIdentifier>
    </Filter>
  </ItemGroup>
  <ItemGroup>
    <ClCompile Include="Source\Main.cpp">
      <Filter>Source Files</Filter>
    </ClCompile>
    <ClCompile Include="Source\glad.c">
      <Filter>Source Files</Filter>
    </ClCompile>
    <ClCompile Include="Shading\cShader.cpp">
      <Filter>Shading</Filter>
    </ClCompile>
    <ClCompile Include="Shading\cShaderManager.cpp">
      <Filter>Shading</Filter>
    </ClCompile>
    <ClCompile Include="Global\gOpenGL.cpp">
      <Filter>Global</Filter>
    </ClCompile>
    <ClCompile Include="Camera\cCamera.cpp">
      <Filter>Camera</Filter>
    </ClCompile>
    <ClCompile Include="Meshes\cMesh.cpp">
      <Filter>Meshes\Mesh</Filter>
    </ClCompile>
    <ClCompile Include="Meshes\cVAOMeshManager.cpp">
      <Filter>Meshes\Mesh Manager</Filter>
    </ClCompile>
    <ClCompile Include="Meshes\sModelDrawInfo.cpp">
      <Filter>Meshes\Draw Info</Filter>
    </ClCompile>
    <ClCompile Include="Source\LoadModels.cpp">
      <Filter>Source Files</Filter>
    </ClCompile>
    <ClCompile Include="Meshes\AssimpFBX\cAnimationState.cpp">
      <Filter>Meshes\AssimpFBX</Filter>
    </ClCompile>
    <ClCompile Include="Meshes\AssimpFBX\cAssimpBasic.cpp">
      <Filter>Meshes\AssimpFBX</Filter>
    </ClCompile>
    <ClCompile Include="Meshes\AssimpFBX\cAssimpBasic_Imp.cpp">
      <Filter>Meshes\AssimpFBX</Filter>
    </ClCompile>
    <ClCompile Include="Meshes\AssimpFBX\cSimpleAssimpSkinnedMeshLoader_OneMesh.cpp">
      <Filter>Meshes</Filter>
    </ClCompile>
    <ClCompile Include="Meshes\cVAOMeshManager_LoadSkinnedMeshModelIntoVAO.cpp">
      <Filter>Meshes</Filter>
    </ClCompile>
    <ClCompile Include="Ply\CHRTimer.cpp">
      <Filter>Ply</Filter>
    </ClCompile>
    <ClCompile Include="Ply\CPlyFile5nt.cpp">
      <Filter>Ply</Filter>
    </ClCompile>
    <ClCompile Include="Ply\CPlyFile5nt_experimental.cpp">
      <Filter>Ply</Filter>
    </ClCompile>
    <ClCompile Include="Ply\CPlyFile5nt_planarUV.cpp">
      <Filter>Ply</Filter>
    </ClCompile>
    <ClCompile Include="Ply\CStringHelper.cpp">
      <Filter>Ply</Filter>
    </ClCompile>
    <ClCompile Include="Ply\CVector3f.cpp">
      <Filter>Ply</Filter>
    </ClCompile>
    <ClCompile Include="Entity\cEntity.cpp">
      <Filter>Entity</Filter>
    </ClCompile>
    <ClCompile Include="Entity\EntityMesh\cEntityMesh.cpp">
      <Filter>Entity</Filter>
    </ClCompile>
    <ClCompile Include="Entity\EntityPhysics\cEntityPhysics.cpp">
      <Filter>Entity</Filter>
    </ClCompile>
    <ClCompile Include="TextureManager\C24BitBMPpixel.cpp">
      <Filter>TextureManager</Filter>
    </ClCompile>
    <ClCompile Include="TextureManager\cBasicTextureManager.cpp">
      <Filter>TextureManager</Filter>
    </ClCompile>
    <ClCompile Include="TextureManager\CTextureFromBMP.cpp">
      <Filter>TextureManager</Filter>
    </ClCompile>
    <ClCompile Include="FrameBuffers\cFBO.cpp">
      <Filter>FBOs</Filter>
    </ClCompile>
    <ClCompile Include="Lighting\cLightHelper.cpp">
      <Filter>Lighting</Filter>
    </ClCompile>
    <ClCompile Include="Lighting\cLightManager.cpp">
      <Filter>Lighting</Filter>
    </ClCompile>
    <ClCompile Include="Source\DrawScene.cpp">
      <Filter>Source Files</Filter>
    </ClCompile>
    <ClCompile Include="load\jsoncpp.cpp">
      <Filter>Json</Filter>
    </ClCompile>
    <ClCompile Include="load\nLoad.cpp">
      <Filter>Json</Filter>
    </ClCompile>
    <ClCompile Include="Source\AbstractPhysics.cpp">
      <Filter>Source Files</Filter>
    </ClCompile>
    <ClCompile Include="Source\UserIO.cpp">
      <Filter>Source Files</Filter>
    </ClCompile>
    <ClCompile Include="Global\global.cpp">
      <Filter>Source Files</Filter>
    </ClCompile>
    <ClCompile Include="AI\AIController.cpp">
      <Filter>Source Files</Filter>
    </ClCompile>
  </ItemGroup>
  <ItemGroup>
    <ClInclude Include="Global\global.h">
      <Filter>Global</Filter>
    </ClInclude>
    <ClInclude Include="Global\gOpenGL.h">
      <Filter>Global</Filter>
    </ClInclude>
    <ClInclude Include="Shading\cShaderManager.h">
      <Filter>Shading</Filter>
    </ClInclude>
    <ClInclude Include="Camera\cCamera.h">
      <Filter>Camera</Filter>
    </ClInclude>
    <ClInclude Include="Meshes\sVertex_xyz_rgba_n_uv2_bt_4Bones.h">
      <Filter>Meshes\Vertex</Filter>
    </ClInclude>
    <ClInclude Include="Meshes\cMesh.h">
      <Filter>Meshes\Mesh</Filter>
    </ClInclude>
    <ClInclude Include="Meshes\cVAOMeshManager.h">
      <Filter>Meshes\Mesh Manager</Filter>
    </ClInclude>
    <ClInclude Include="Meshes\sModelDrawInfo.h">
      <Filter>Meshes\Draw Info</Filter>
    </ClInclude>
    <ClInclude Include="Ply\CHRTimer.h">
      <Filter>Ply</Filter>
    </ClInclude>
    <ClInclude Include="Ply\CPlyFile5nt.h">
      <Filter>Ply</Filter>
    </ClInclude>
    <ClInclude Include="Ply\CPlyInfo.h">
      <Filter>Ply</Filter>
    </ClInclude>
    <ClInclude Include="Ply\CVector3f.h">
      <Filter>Ply</Filter>
    </ClInclude>
    <ClInclude Include="Ply\CStringHelper.h">
      <Filter>Ply</Filter>
    </ClInclude>
    <ClInclude Include="Meshes\AssimpFBX\cAnimationState.h">
      <Filter>Meshes\AssimpFBX</Filter>
    </ClInclude>
    <ClInclude Include="Meshes\AssimpFBX\cAssimpBasic.h">
      <Filter>Meshes\AssimpFBX</Filter>
    </ClInclude>
    <ClInclude Include="Meshes\AssimpFBX\cAssimpBasic_Imp.h">
      <Filter>Meshes\AssimpFBX</Filter>
    </ClInclude>
    <ClInclude Include="Meshes\AssimpFBX\cSimpleAssimpSkinnedMeshLoader_OneMesh.h">
      <Filter>Meshes</Filter>
    </ClInclude>
    <ClInclude Include="Entity\cEntity.h">
      <Filter>Entity</Filter>
    </ClInclude>
    <ClInclude Include="Entity\EntityMesh\cEntityMesh.h">
      <Filter>Entity</Filter>
    </ClInclude>
    <ClInclude Include="Entity\EntityPhysics\cEntityPhysics.h">
      <Filter>Entity</Filter>
    </ClInclude>
    <ClInclude Include="TextureManager\C24BitBMPpixel.h">
      <Filter>TextureManager</Filter>
    </ClInclude>
    <ClInclude Include="TextureManager\cBasicTextureManager.h">
      <Filter>TextureManager</Filter>
    </ClInclude>
    <ClInclude Include="TextureManager\CTextureFromBMP.h">
      <Filter>TextureManager</Filter>
    </ClInclude>
    <ClInclude Include="FrameBuffers\cFBO.h">
      <Filter>FBOs</Filter>
    </ClInclude>
    <ClInclude Include="Lighting\cLightHelper.h">
      <Filter>Lighting</Filter>
    </ClInclude>
    <ClInclude Include="Lighting\cLightManager.h">
      <Filter>Lighting</Filter>
    </ClInclude>
    <ClInclude Include="load\json\json.h">
      <Filter>Json</Filter>
    </ClInclude>
    <ClInclude Include="load\json\json-forwards.h">
      <Filter>Json</Filter>
    </ClInclude>
    <ClInclude Include="load\nLoad.h">
      <Filter>Json</Filter>
    </ClInclude>
    <ClInclude Include="load\sConfig.h">
      <Filter>Json</Filter>
    </ClInclude>
    <ClInclude Include="Entity\eEntityStatus.h">
      <Filter>Header Files</Filter>
    </ClInclude>
    <ClInclude Include="AI\AIController.h">
      <Filter>Header Files</Filter>
    </ClInclude>
  </ItemGroup>
  <ItemGroup>
    <None Include="assets\shaders\fragment01.glsl">
      <Filter>Shading\Shaders</Filter>
    </None>
    <None Include="assets\shaders\vertex01.glsl">
      <Filter>Shading\Shaders</Filter>
    </None>
  </ItemGroup>
</Project>